
Microsoft Visual Studio Solution File, Format Version 12.00
# Visual Studio Version 17
VisualStudioVersion = 17.0.31612.314
MinimumVisualStudioVersion = 10.0.40219.1
Project("{FAE04EC0-301F-11D3-BF4B-00C04F79EFBC}") = "TraderWeb.Client", "TraderWeb\Client\TraderWeb.Client.csproj", "{031A7A7F-8902-479D-9A9A-92F34D71C19A}"
EndProject
Project("{FAE04EC0-301F-11D3-BF4B-00C04F79EFBC}") = "TraderWeb.Server", "TraderWeb\Server\TraderWeb.Server.csproj", "{550F49D8-2C89-4C65-AF5C-DBBC0965DCE5}"
EndProject
Project("{FAE04EC0-301F-11D3-BF4B-00C04F79EFBC}") = "TraderWeb.Shared", "TraderWeb\Shared\TraderWeb.Shared.csproj", "{9597F729-9810-46F8-834E-3B98FE2A88B6}"
EndProject
Global
	GlobalSection(SolutionConfigurationPlatforms) = preSolution
		Debug|Any CPU = Debug|Any CPU
		Release|Any CPU = Release|Any CPU
	EndGlobalSection
	GlobalSection(ProjectConfigurationPlatforms) = postSolution
		{031A7A7F-8902-479D-9A9A-92F34D71C19A}.Debug|Any CPU.ActiveCfg = Debug|Any CPU
		{031A7A7F-8902-479D-9A9A-92F34D71C19A}.Debug|Any CPU.Build.0 = Debug|Any CPU
		{031A7A7F-8902-479D-9A9A-92F34D71C19A}.Release|Any CPU.ActiveCfg = Release|Any CPU
		{031A7A7F-8902-479D-9A9A-92F34D71C19A}.Release|Any CPU.Build.0 = Release|Any CPU
		{550F49D8-2C89-4C65-AF5C-DBBC0965DCE5}.Debug|Any CPU.ActiveCfg = Debug|Any CPU
		{550F49D8-2C89-4C65-AF5C-DBBC0965DCE5}.Debug|Any CPU.Build.0 = Debug|Any CPU
		{550F49D8-2C89-4C65-AF5C-DBBC0965DCE5}.Release|Any CPU.ActiveCfg = Release|Any CPU
		{550F49D8-2C89-4C65-AF5C-DBBC0965DCE5}.Release|Any CPU.Build.0 = Release|Any CPU
		{9597F729-9810-46F8-834E-3B98FE2A88B6}.Debug|Any CPU.ActiveCfg = Debug|Any CPU
		{9597F729-9810-46F8-834E-3B98FE2A88B6}.Debug|Any CPU.Build.0 = Debug|Any CPU
		{9597F729-9810-46F8-834E-3B98FE2A88B6}.Release|Any CPU.ActiveCfg = Release|Any CPU
		{9597F729-9810-46F8-834E-3B98FE2A88B6}.Release|Any CPU.Build.0 = Release|Any CPU
	EndGlobalSection
	GlobalSection(SolutionProperties) = preSolution
		HideSolutionNode = FALSE
	EndGlobalSection
	GlobalSection(ExtensibilityGlobals) = postSolution
		SolutionGuid = {21B5C783-0E76-4020-A103-D59CD900CDAD}
	EndGlobalSection
EndGlobal
